// !$*UTF8*$!
{
	archiveVersion = 1;
	classes = {
	};
	objectVersion = 46;
	objects = {

/* Begin PBXBuildFile section */
		3A0E93BF1DBE3AC8001FE08C /* TipsiDropdownManager.m in Sources */ = {isa = PBXBuildFile; fileRef = 3A0E93BE1DBE3AC8001FE08C /* TipsiDropdownManager.m */; };
		3AF018191DB6844300D89CEA /* TipsiDropdown.m in Sources */ = {isa = PBXBuildFile; fileRef = 3AF018181DB6844300D89CEA /* TipsiDropdown.m */; };
		3AF0181A1DB6844300D89CEA /* TipsiDropdown.h in CopyFiles */ = {isa = PBXBuildFile; fileRef = 3AF018171DB6844300D89CEA /* TipsiDropdown.h */; };
		B8E1804C1E013A200037102E /* TipsiDropdownJSONItem.m in Sources */ = {isa = PBXBuildFile; fileRef = B8E1804B1E013A200037102E /* TipsiDropdownJSONItem.m */; };
/* End PBXBuildFile section */

/* Begin PBXCopyFilesBuildPhase section */
		3AF018121DB6844300D89CEA /* CopyFiles */ = {
			isa = PBXCopyFilesBuildPhase;
			buildActionMask = 2147483647;
			dstPath = "include/$(PRODUCT_NAME)";
			dstSubfolderSpec = 16;
			files = (
				3AF0181A1DB6844300D89CEA /* TipsiDropdown.h in CopyFiles */,
			);
			runOnlyForDeploymentPostprocessing = 0;
		};
/* End PBXCopyFilesBuildPhase section */

/* Begin PBXFileReference section */
		3A0E93BD1DBE3AC8001FE08C /* TipsiDropdownManager.h */ = {isa = PBXFileReference; fileEncoding = 4; lastKnownFileType = sourcecode.c.h; path = TipsiDropdownManager.h; sourceTree = "<group>"; };
		3A0E93BE1DBE3AC8001FE08C /* TipsiDropdownManager.m */ = {isa = PBXFileReference; fileEncoding = 4; lastKnownFileType = sourcecode.c.objc; path = TipsiDropdownManager.m; sourceTree = "<group>"; };
		3AF018141DB6844300D89CEA /* libTipsiDropdown.a */ = {isa = PBXFileReference; explicitFileType = archive.ar; includeInIndex = 0; path = libTipsiDropdown.a; sourceTree = BUILT_PRODUCTS_DIR; };
		3AF018171DB6844300D89CEA /* TipsiDropdown.h */ = {isa = PBXFileReference; lastKnownFileType = sourcecode.c.h; path = TipsiDropdown.h; sourceTree = "<group>"; };
		3AF018181DB6844300D89CEA /* TipsiDropdown.m */ = {isa = PBXFileReference; lastKnownFileType = sourcecode.c.objc; path = TipsiDropdown.m; sourceTree = "<group>"; };
		B8E1804A1E013A200037102E /* TipsiDropdownJSONItem.h */ = {isa = PBXFileReference; fileEncoding = 4; lastKnownFileType = sourcecode.c.h; path = TipsiDropdownJSONItem.h; sourceTree = "<group>"; };
		B8E1804B1E013A200037102E /* TipsiDropdownJSONItem.m */ = {isa = PBXFileReference; fileEncoding = 4; lastKnownFileType = sourcecode.c.objc; path = TipsiDropdownJSONItem.m; sourceTree = "<group>"; };
/* End PBXFileReference section */

/* Begin PBXFrameworksBuildPhase section */
		3AF018111DB6844300D89CEA /* Frameworks */ = {
			isa = PBXFrameworksBuildPhase;
			buildActionMask = 2147483647;
			files = (
			);
			runOnlyForDeploymentPostprocessing = 0;
		};
/* End PBXFrameworksBuildPhase section */

/* Begin PBXGroup section */
		3AF0180B1DB6844300D89CEA = {
			isa = PBXGroup;
			children = (
				3AF018161DB6844300D89CEA /* TipsiDropdown */,
				3AF018151DB6844300D89CEA /* Products */,
			);
			sourceTree = "<group>";
		};
		3AF018151DB6844300D89CEA /* Products */ = {
			isa = PBXGroup;
			children = (
				3AF018141DB6844300D89CEA /* libTipsiDropdown.a */,
			);
			name = Products;
			sourceTree = "<group>";
		};
		3AF018161DB6844300D89CEA /* TipsiDropdown */ = {
			isa = PBXGroup;
			children = (
				B8E1804A1E013A200037102E /* TipsiDropdownJSONItem.h */,
				B8E1804B1E013A200037102E /* TipsiDropdownJSONItem.m */,
				3AF018171DB6844300D89CEA /* TipsiDropdown.h */,
				3AF018181DB6844300D89CEA /* TipsiDropdown.m */,
				3A0E93BD1DBE3AC8001FE08C /* TipsiDropdownManager.h */,
				3A0E93BE1DBE3AC8001FE08C /* TipsiDropdownManager.m */,
			);
			path = TipsiDropdown;
			sourceTree = "<group>";
		};
/* End PBXGroup section */

/* Begin PBXNativeTarget section */
		3AF018131DB6844300D89CEA /* TipsiDropdown */ = {
			isa = PBXNativeTarget;
			buildConfigurationList = 3AF0181D1DB6844300D89CEA /* Build configuration list for PBXNativeTarget "TipsiDropdown" */;
			buildPhases = (
				3AF018101DB6844300D89CEA /* Sources */,
				3AF018111DB6844300D89CEA /* Frameworks */,
				3AF018121DB6844300D89CEA /* CopyFiles */,
			);
			buildRules = (
			);
			dependencies = (
			);
			name = TipsiDropdown;
			productName = TipsiDropdown;
			productReference = 3AF018141DB6844300D89CEA /* libTipsiDropdown.a */;
			productType = "com.apple.product-type.library.static";
		};
/* End PBXNativeTarget section */

/* Begin PBXProject section */
		3AF0180C1DB6844300D89CEA /* Project object */ = {
			isa = PBXProject;
			attributes = {
				LastUpgradeCheck = 0800;
				ORGANIZATIONNAME = Tipsi;
				TargetAttributes = {
					3AF018131DB6844300D89CEA = {
						CreatedOnToolsVersion = 8.0;
						ProvisioningStyle = Automatic;
					};
				};
			};
			buildConfigurationList = 3AF0180F1DB6844300D89CEA /* Build configuration list for PBXProject "TipsiDropdown" */;
			compatibilityVersion = "Xcode 3.2";
			developmentRegion = English;
			hasScannedForEncodings = 0;
			knownRegions = (
				en,
			);
			mainGroup = 3AF0180B1DB6844300D89CEA;
			productRefGroup = 3AF018151DB6844300D89CEA /* Products */;
			projectDirPath = "";
			projectRoot = "";
			targets = (
				3AF018131DB6844300D89CEA /* TipsiDropdown */,
			);
		};
/* End PBXProject section */

/* Begin PBXSourcesBuildPhase section */
		3AF018101DB6844300D89CEA /* Sources */ = {
			isa = PBXSourcesBuildPhase;
			buildActionMask = 2147483647;
			files = (
				3A0E93BF1DBE3AC8001FE08C /* TipsiDropdownManager.m in Sources */,
				B8E1804C1E013A200037102E /* TipsiDropdownJSONItem.m in Sources */,
				3AF018191DB6844300D89CEA /* TipsiDropdown.m in Sources */,
			);
			runOnlyForDeploymentPostprocessing = 0;
		};
/* End PBXSourcesBuildPhase section */

/* Begin XCBuildConfiguration section */
		3AF0181B1DB6844300D89CEA /* Debug */ = {
			isa = XCBuildConfiguration;
			buildSettings = {
				ALWAYS_SEARCH_USER_PATHS = NO;
				CLANG_ANALYZER_NONNULL = YES;
				CLANG_CXX_LANGUAGE_STANDARD = "gnu++0x";
				CLANG_CXX_LIBRARY = "libc++";
				CLANG_ENABLE_MODULES = YES;
				CLANG_ENABLE_OBJC_ARC = YES;
				CLANG_WARN_BOOL_CONVERSION = YES;
				CLANG_WARN_CONSTANT_CONVERSION = YES;
				CLANG_WARN_DIRECT_OBJC_ISA_USAGE = YES_ERROR;
				CLANG_WARN_DOCUMENTATION_COMMENTS = YES;
				CLANG_WARN_EMPTY_BODY = YES;
				CLANG_WARN_ENUM_CONVERSION = YES;
				CLANG_WARN_INFINITE_RECURSION = YES;
				CLANG_WARN_INT_CONVERSION = YES;
				CLANG_WARN_OBJC_ROOT_CLASS = YES_ERROR;
				CLANG_WARN_SUSPICIOUS_MOVES = YES;
				CLANG_WARN_UNREACHABLE_CODE = YES;
				CLANG_WARN__DUPLICATE_METHOD_MATCH = YES;
				"CODE_SIGN_IDENTITY[sdk=iphoneos*]" = "iPhone Developer";
				COPY_PHASE_STRIP = NO;
				DEBUG_INFORMATION_FORMAT = dwarf;
				ENABLE_STRICT_OBJC_MSGSEND = YES;
				ENABLE_TESTABILITY = YES;
				GCC_C_LANGUAGE_STANDARD = gnu99;
				GCC_DYNAMIC_NO_PIC = NO;
				GCC_NO_COMMON_BLOCKS = YES;
				GCC_OPTIMIZATION_LEVEL = 0;
				GCC_PREPROCESSOR_DEFINITIONS = (
					"DEBUG=1",
					"$(inherited)",
				);
				GCC_WARN_64_TO_32_BIT_CONVERSION = YES;
				GCC_WARN_ABOUT_RETURN_TYPE = YES_ERROR;
				GCC_WARN_UNDECLARED_SELECTOR = YES;
				GCC_WARN_UNINITIALIZED_AUTOS = YES_AGGRESSIVE;
				GCC_WARN_UNUSED_FUNCTION = YES;
				GCC_WARN_UNUSED_VARIABLE = YES;
				IPHONEOS_DEPLOYMENT_TARGET = 10.0;
				MTL_ENABLE_DEBUG_INFO = YES;
				ONLY_ACTIVE_ARCH = YES;
				SDKROOT = iphoneos;
			};
			name = Debug;
		};
		3AF0181C1DB6844300D89CEA /* Release */ = {
			isa = XCBuildConfiguration;
			buildSettings = {
				ALWAYS_SEARCH_USER_PATHS = NO;
				CLANG_ANALYZER_NONNULL = YES;
				CLANG_CXX_LANGUAGE_STANDARD = "gnu++0x";
				CLANG_CXX_LIBRARY = "libc++";
				CLANG_ENABLE_MODULES = YES;
				CLANG_ENABLE_OBJC_ARC = YES;
				CLANG_WARN_BOOL_CONVERSION = YES;
				CLANG_WARN_CONSTANT_CONVERSION = YES;
				CLANG_WARN_DIRECT_OBJC_ISA_USAGE = YES_ERROR;
				CLANG_WARN_DOCUMENTATION_COMMENTS = YES;
				CLANG_WARN_EMPTY_BODY = YES;
				CLANG_WARN_ENUM_CONVERSION = YES;
				CLANG_WARN_INFINITE_RECURSION = YES;
				CLANG_WARN_INT_CONVERSION = YES;
				CLANG_WARN_OBJC_ROOT_CLASS = YES_ERROR;
				CLANG_WARN_SUSPICIOUS_MOVES = YES;
				CLANG_WARN_UNREACHABLE_CODE = YES;
				CLANG_WARN__DUPLICATE_METHOD_MATCH = YES;
				"CODE_SIGN_IDENTITY[sdk=iphoneos*]" = "iPhone Developer";
				COPY_PHASE_STRIP = NO;
				DEBUG_INFORMATION_FORMAT = "dwarf-with-dsym";
				ENABLE_NS_ASSERTIONS = NO;
				ENABLE_STRICT_OBJC_MSGSEND = YES;
				GCC_C_LANGUAGE_STANDARD = gnu99;
				GCC_NO_COMMON_BLOCKS = YES;
				GCC_WARN_64_TO_32_BIT_CONVERSION = YES;
				GCC_WARN_ABOUT_RETURN_TYPE = YES_ERROR;
				GCC_WARN_UNDECLARED_SELECTOR = YES;
				GCC_WARN_UNINITIALIZED_AUTOS = YES_AGGRESSIVE;
				GCC_WARN_UNUSED_FUNCTION = YES;
				GCC_WARN_UNUSED_VARIABLE = YES;
				IPHONEOS_DEPLOYMENT_TARGET = 10.0;
				MTL_ENABLE_DEBUG_INFO = NO;
				SDKROOT = iphoneos;
				VALIDATE_PRODUCT = YES;
			};
			name = Release;
		};
		3AF0181E1DB6844300D89CEA /* Debug */ = {
			isa = XCBuildConfiguration;
			buildSettings = {
				HEADER_SEARCH_PATHS = (
					"$(SRCROOT)/../../../React/**",
					"$(SRCROOT)/../../react-native/React/**",
					"${SRCROOT}/../../../ios/Pods/Headers/Public/**",
					"${SRCROOT}/../../../ios/Pods/Headers/Public/TPSDropDown/**",
				);
				IPHONEOS_DEPLOYMENT_TARGET = 8.0;
				OTHER_LDFLAGS = "-ObjC";
				PRODUCT_NAME = "$(TARGET_NAME)";
				SKIP_INSTALL = YES;
			};
			name = Debug;
		};
		3AF0181F1DB6844300D89CEA /* Release */ = {
			isa = XCBuildConfiguration;
			buildSettings = {
				HEADER_SEARCH_PATHS = (
					"$(SRCROOT)/../../../React/**",
					"$(SRCROOT)/../../react-native/React/**",
					"${SRCROOT}/../../../ios/Pods/Headers/Public/**",
					"${SRCROOT}/../../../ios/Pods/Headers/Public/TPSDropDown/**",
				);
				IPHONEOS_DEPLOYMENT_TARGET = 8.0;
				OTHER_LDFLAGS = "-ObjC";
				PRODUCT_NAME = "$(TARGET_NAME)";
				SKIP_INSTALL = YES;
			};
			name = Release;
		};
/* End XCBuildConfiguration section */

/* Begin XCConfigurationList section */
		3AF0180F1DB6844300D89CEA /* Build configuration list for PBXProject "TipsiDropdown" */ = {
			isa = XCConfigurationList;
			buildConfigurations = (
				3AF0181B1DB6844300D89CEA /* Debug */,
				3AF0181C1DB6844300D89CEA /* Release */,
			);
			defaultConfigurationIsVisible = 0;
			defaultConfigurationName = Release;
		};
		3AF0181D1DB6844300D89CEA /* Build configuration list for PBXNativeTarget "TipsiDropdown" */ = {
			isa = XCConfigurationList;
			buildConfigurations = (
				3AF0181E1DB6844300D89CEA /* Debug */,
				3AF0181F1DB6844300D89CEA /* Release */,
			);
			defaultConfigurationIsVisible = 0;
			defaultConfigurationName = Release;
		};
/* End XCConfigurationList section */
	};
	rootObject = 3AF0180C1DB6844300D89CEA /* Project object */;
}
