PODS:
  - pop (1.0.9)
  - TipsiDropdown (0.0.1):
    - TPSDropDown (= 0.4.0)
  - TPSDropDown (0.4.0):
    - pop (= 1.0.9)

DEPENDENCIES:
  - TipsiDropdown (from `../node_modules/tipsi-dropdown/ios`)

EXTERNAL SOURCES:
  TipsiDropdown:
    :path: "../node_modules/tipsi-dropdown/ios"

SPEC CHECKSUMS:
  pop: f667631a5108a2e60d9e8797c9b32ddaf2080bce
  TipsiDropdown: 5a7603f30e5bdb9a4482c1e2a13b2900385df3d1
  TPSDropDown: 5f3ca38a7460772a4209f34367cf87123409f630

PODFILE CHECKSUM: 07855a2532d34208b58fce26a26d6722deccc85e

COCOAPODS: 1.1.0.rc.3
